// !$*UTF8*$!
{
	archiveVersion = 1;
	classes = {
	};
	objectVersion = 46;
	objects = {

/* Begin PBXAggregateTarget section */
		6DEF044C27B14A3DB42A0DDE /* ZERO_CHECK */ = {
			isa = PBXAggregateTarget;
			buildConfigurationList = 725470632670409AA491389F /* Build configuration list for PBXAggregateTarget "ZERO_CHECK" */;
			buildPhases = (
				CEFDD2419DB89B966C8371BE /* Generate CMakeFiles/ZERO_CHECK */,
			);
			dependencies = (
			);
			name = ZERO_CHECK;
			productName = ZERO_CHECK;
		};
		9EBC1418917A4253B134FB82 /* ALL_BUILD */ = {
			isa = PBXAggregateTarget;
			buildConfigurationList = C32B49C4E2E540649516EF3C /* Build configuration list for PBXAggregateTarget "ALL_BUILD" */;
			buildPhases = (
				E56624D794D75988FB66B0D6 /* Generate CMakeFiles/ALL_BUILD */,
			);
			dependencies = (
				F6304A2CBF6D44B9AB8D68A3 /* PBXTargetDependency */,
				091BAD2252734B95A382EAC9 /* PBXTargetDependency */,
			);
			name = ALL_BUILD;
			productName = ALL_BUILD;
		};
		DB5DBD7591454E4F9A9A7B5A /* install */ = {
			isa = PBXAggregateTarget;
			buildConfigurationList = 1BB3D1737E5F4C25BD43AE69 /* Build configuration list for PBXAggregateTarget "install" */;
			buildPhases = (
				93426DA6A4AC2C2AC9CE883C /* CMake PostBuild Rules */,
			);
			dependencies = (
				BEE6DF707001416F89CE8DFE /* PBXTargetDependency */,
			);
			name = install;
			productName = install;
		};
/* End PBXAggregateTarget section */

/* Begin PBXBuildFile section */
		08995ABEC898448AAF6755B6 /* /Users/bernardocohen/repos/sciComp/cpp/include/sciComp_bits/mass.hpp */ = {isa = PBXBuildFile; fileRef = FC57A8A463204905A364D08E /* /Users/bernardocohen/repos/sciComp/cpp/include/sciComp_bits/mass.hpp */; };
		0AB186F55262484FBC2C5C79 /* /Users/bernardocohen/repos/sciComp/cpp/include/sciComp_bits/inplace_factorize.hpp */ = {isa = PBXBuildFile; fileRef = 6BB980FA33AD483DBDE6CBA3 /* /Users/bernardocohen/repos/sciComp/cpp/include/sciComp_bits/inplace_factorize.hpp */; };
		17E98FAC9F8346F3AB3B4229 /* /Users/bernardocohen/repos/sciComp/cpp/include/sciComp_bits/index.hpp */ = {isa = PBXBuildFile; fileRef = 7A7F2CC4A0A04362B2EB81EC /* /Users/bernardocohen/repos/sciComp/cpp/include/sciComp_bits/index.hpp */; };
		191FB685DEA647EFA44A5C88 /* /Users/bernardocohen/repos/sciComp/cpp/include/sciComp_bits/fft.hpp */ = {isa = PBXBuildFile; fileRef = 0F9DDA713E16493ABF1FA0AB /* /Users/bernardocohen/repos/sciComp/cpp/include/sciComp_bits/fft.hpp */; };
		20E0427A12CC4350A178F813 /* /Users/bernardocohen/repos/sciComp/cpp/include/sciComp_bits/row_col.hpp */ = {isa = PBXBuildFile; fileRef = 783272E95D5A4781A94A8C32 /* /Users/bernardocohen/repos/sciComp/cpp/include/sciComp_bits/row_col.hpp */; };
		2F9C4550DA8A412181A5C39B /* /Users/bernardocohen/repos/sciComp/cpp/include/sciComp_bits/u_alpha.hpp */ = {isa = PBXBuildFile; fileRef = 31C15E32727D40A68D64E247 /* /Users/bernardocohen/repos/sciComp/cpp/include/sciComp_bits/u_alpha.hpp */; };
		3307A130BAE9427A87D910ED /* /Users/bernardocohen/repos/sciComp/cpp/include/sciComp_bits/tridiag_ldlt.hpp */ = {isa = PBXBuildFile; fileRef = F359AE8A15ED4782B5041146 /* /Users/bernardocohen/repos/sciComp/cpp/include/sciComp_bits/tridiag_ldlt.hpp */; };
		41EE74F4E1964063B3B5E5CA /* /Users/bernardocohen/repos/sciComp/cpp/include/sciComp_bits/energy.hpp */ = {isa = PBXBuildFile; fileRef = 1B6B1B7A8C9A4DF390A696F0 /* /Users/bernardocohen/repos/sciComp/cpp/include/sciComp_bits/energy.hpp */; };
		61FCA27D04A741C098155705 /* /Users/bernardocohen/repos/sciComp/cpp/include/sciComp_bits/intro.hpp */ = {isa = PBXBuildFile; fileRef = 38146C1E87E84B93862620DB /* /Users/bernardocohen/repos/sciComp/cpp/include/sciComp_bits/intro.hpp */; };
		623388A3AEC94B3B966113E6 /* /Users/bernardocohen/repos/sciComp/cpp/include/sciComp_bits/chi_beta.hpp */ = {isa = PBXBuildFile; fileRef = 69D0B44B1D2943208B54FC10 /* /Users/bernardocohen/repos/sciComp/cpp/include/sciComp_bits/chi_beta.hpp */; };
		6AD843DE34754B5DAB8A2CC6 /* /Users/bernardocohen/repos/sciComp/cpp/include/sciComp_bits/valarray_util.hpp */ = {isa = PBXBuildFile; fileRef = 4E0F16E940254D7C9F7E9E62 /* /Users/bernardocohen/repos/sciComp/cpp/include/sciComp_bits/valarray_util.hpp */; };
		6BDDF8C79866490FA6A87084 /* /Users/bernardocohen/repos/sciComp/cpp/CMakeLists.txt */ = {isa = PBXBuildFile; fileRef = 77D548E3AEC34630AEC36CA0 /* /Users/bernardocohen/repos/sciComp/cpp/CMakeLists.txt */; };
		8013FFD625254628A3CECC6D /* /Users/bernardocohen/repos/sciComp/cpp/include/sciComp_bits/fish2d_fft.hpp */ = {isa = PBXBuildFile; fileRef = 2BBDA4F45BFC43FABAE9782C /* /Users/bernardocohen/repos/sciComp/cpp/include/sciComp_bits/fish2d_fft.hpp */; };
		9057E35218DA45A3B56B69B6 /* /Users/bernardocohen/repos/sciComp/cpp/include/sciComp_bits/interpolate_2d.hpp */ = {isa = PBXBuildFile; fileRef = D72A90A7FE314559B0EA4BBF /* /Users/bernardocohen/repos/sciComp/cpp/include/sciComp_bits/interpolate_2d.hpp */; };
		90D4CC1ACC4A4445BD0014DA /* /Users/bernardocohen/repos/sciComp/cpp/include/sciComp_bits/quaternion.hpp */ = {isa = PBXBuildFile; fileRef = EB8DD31EBA4E49E990C0215A /* /Users/bernardocohen/repos/sciComp/cpp/include/sciComp_bits/quaternion.hpp */; };
		ADB0777B7701444DA5B99608 /* /Users/bernardocohen/repos/sciComp/cpp/include/sciComp_bits/range.hpp */ = {isa = PBXBuildFile; fileRef = 4F5E54153F9A4EE0B0323474 /* /Users/bernardocohen/repos/sciComp/cpp/include/sciComp_bits/range.hpp */; };
		D1B95FEBF64D420B89F99905 /* /Users/bernardocohen/repos/sciComp/cpp/include/sciComp_bits/interpolate_1d.hpp */ = {isa = PBXBuildFile; fileRef = 8ECBCAA85C6A4259AE332FF0 /* /Users/bernardocohen/repos/sciComp/cpp/include/sciComp_bits/interpolate_1d.hpp */; };
		D68C65DABA254E12BADC67A5 /* /Users/bernardocohen/repos/sciComp/cpp/include/sciComp_bits/inplace_solve.hpp */ = {isa = PBXBuildFile; fileRef = 4F36992EDB77494998E19400 /* /Users/bernardocohen/repos/sciComp/cpp/include/sciComp_bits/inplace_solve.hpp */; };
		E0C7F9EB7D4647EBB8C9F894 /* /Users/bernardocohen/repos/sciComp/cpp/include/sciComp_bits/tridiag.hpp */ = {isa = PBXBuildFile; fileRef = F4199E7790804E8FA88B3ECB /* /Users/bernardocohen/repos/sciComp/cpp/include/sciComp_bits/tridiag.hpp */; };
		E37120EB3F88453CBD585537 /* /Users/bernardocohen/repos/sciComp/cpp/include/sciComp_bits/f_alpha.hpp */ = {isa = PBXBuildFile; fileRef = 6B702D8A8C9E4640903950EF /* /Users/bernardocohen/repos/sciComp/cpp/include/sciComp_bits/f_alpha.hpp */; };
		F7878273CBBD4F7D9F7C61FF /* /Users/bernardocohen/repos/sciComp/cpp/include/sciComp_bits/fft_sin.hpp */ = {isa = PBXBuildFile; fileRef = 423F8A3874C343D2AD9368D4 /* /Users/bernardocohen/repos/sciComp/cpp/include/sciComp_bits/fft_sin.hpp */; };
		FD9AD35C2008406C982E7551 /* /Users/bernardocohen/repos/sciComp/cpp/src/intro.cpp */ = {isa = PBXBuildFile; fileRef = 7A05E2EFFB6E437E951F532F /* /Users/bernardocohen/repos/sciComp/cpp/src/intro.cpp */; };
/* End PBXBuildFile section */

/* Begin PBXBuildStyle section */
		53D36941018E46CFADE40989 /* Debug */ = {
			isa = PBXBuildStyle;
			buildSettings = {
				COPY_PHASE_STRIP = NO;
			};
			name = Debug;
		};
		8D1E957DA1B14BC29C6D3609 /* Release */ = {
			isa = PBXBuildStyle;
			buildSettings = {
				COPY_PHASE_STRIP = NO;
			};
			name = Release;
		};
		ACFD827F212248A2A324056E /* MinSizeRel */ = {
			isa = PBXBuildStyle;
			buildSettings = {
				COPY_PHASE_STRIP = NO;
			};
			name = MinSizeRel;
		};
		E2D062136F8040B3A11B335D /* RelWithDebInfo */ = {
			isa = PBXBuildStyle;
			buildSettings = {
				COPY_PHASE_STRIP = NO;
			};
			name = RelWithDebInfo;
		};
/* End PBXBuildStyle section */

/* Begin PBXContainerItemProxy section */
		6286B2B3969A4774AF9A904C /* PBXContainerItemProxy */ = {
			isa = PBXContainerItemProxy;
			containerPortal = 71EE89B77DA44105A1430982 /* Project object */;
			proxyType = 1;
			remoteGlobalIDString = 6DEF044C27B14A3DB42A0DDE;
			remoteInfo = ZERO_CHECK;
		};
		7F974536EE824084B178CBC3 /* PBXContainerItemProxy */ = {
			isa = PBXContainerItemProxy;
			containerPortal = 71EE89B77DA44105A1430982 /* Project object */;
			proxyType = 1;
			remoteGlobalIDString = 6DEF044C27B14A3DB42A0DDE;
			remoteInfo = ZERO_CHECK;
		};
		8468ED17BFBE4E0C91F2F30C /* PBXContainerItemProxy */ = {
			isa = PBXContainerItemProxy;
			containerPortal = 71EE89B77DA44105A1430982 /* Project object */;
			proxyType = 1;
			remoteGlobalIDString = 9EBC1418917A4253B134FB82;
			remoteInfo = ALL_BUILD;
		};
		E0F1ABB752F64906938D4EC8 /* PBXContainerItemProxy */ = {
			isa = PBXContainerItemProxy;
			containerPortal = 71EE89B77DA44105A1430982 /* Project object */;
			proxyType = 1;
			remoteGlobalIDString = 395DCFDF02384328B0A5B24D;
			remoteInfo = sciComp;
		};
/* End PBXContainerItemProxy section */

/* Begin PBXFileReference section */
		0F9DDA713E16493ABF1FA0AB /* /Users/bernardocohen/repos/sciComp/cpp/include/sciComp_bits/fft.hpp */ = {isa = PBXFileReference; explicitFileType = sourcecode.cpp.h; fileEncoding = 4; name = fft.hpp; path = include/sciComp_bits/fft.hpp; sourceTree = SOURCE_ROOT; };
		1B6B1B7A8C9A4DF390A696F0 /* /Users/bernardocohen/repos/sciComp/cpp/include/sciComp_bits/energy.hpp */ = {isa = PBXFileReference; explicitFileType = sourcecode.cpp.h; fileEncoding = 4; name = energy.hpp; path = include/sciComp_bits/energy.hpp; sourceTree = SOURCE_ROOT; };
		2BBDA4F45BFC43FABAE9782C /* /Users/bernardocohen/repos/sciComp/cpp/include/sciComp_bits/fish2d_fft.hpp */ = {isa = PBXFileReference; explicitFileType = sourcecode.cpp.h; fileEncoding = 4; name = fish2d_fft.hpp; path = include/sciComp_bits/fish2d_fft.hpp; sourceTree = SOURCE_ROOT; };
		30332C17995541859CC8AE2D /* sciComp */ = {isa = PBXFileReference; explicitFileType = "compiled.mach-o.dylib"; path = libsciComp.dylib; sourceTree = BUILT_PRODUCTS_DIR; };
		31C15E32727D40A68D64E247 /* /Users/bernardocohen/repos/sciComp/cpp/include/sciComp_bits/u_alpha.hpp */ = {isa = PBXFileReference; explicitFileType = sourcecode.cpp.h; fileEncoding = 4; name = u_alpha.hpp; path = include/sciComp_bits/u_alpha.hpp; sourceTree = SOURCE_ROOT; };
		38146C1E87E84B93862620DB /* /Users/bernardocohen/repos/sciComp/cpp/include/sciComp_bits/intro.hpp */ = {isa = PBXFileReference; explicitFileType = sourcecode.cpp.h; fileEncoding = 4; name = intro.hpp; path = include/sciComp_bits/intro.hpp; sourceTree = SOURCE_ROOT; };
		423F8A3874C343D2AD9368D4 /* /Users/bernardocohen/repos/sciComp/cpp/include/sciComp_bits/fft_sin.hpp */ = {isa = PBXFileReference; explicitFileType = sourcecode.cpp.h; fileEncoding = 4; name = fft_sin.hpp; path = include/sciComp_bits/fft_sin.hpp; sourceTree = SOURCE_ROOT; };
		4298E12B3D004798B9952C91 /* /Users/bernardocohen/repos/sciComp/cpp/CMakeLists.txt */ = {isa = PBXFileReference; explicitFileType = sourcecode.text; fileEncoding = 4; name = CMakeLists.txt; path = CMakeLists.txt; sourceTree = SOURCE_ROOT; };
		4E0F16E940254D7C9F7E9E62 /* /Users/bernardocohen/repos/sciComp/cpp/include/sciComp_bits/valarray_util.hpp */ = {isa = PBXFileReference; explicitFileType = sourcecode.cpp.h; fileEncoding = 4; name = valarray_util.hpp; path = include/sciComp_bits/valarray_util.hpp; sourceTree = SOURCE_ROOT; };
		4F36992EDB77494998E19400 /* /Users/bernardocohen/repos/sciComp/cpp/include/sciComp_bits/inplace_solve.hpp */ = {isa = PBXFileReference; explicitFileType = sourcecode.cpp.h; fileEncoding = 4; name = inplace_solve.hpp; path = include/sciComp_bits/inplace_solve.hpp; sourceTree = SOURCE_ROOT; };
		4F5E54153F9A4EE0B0323474 /* /Users/bernardocohen/repos/sciComp/cpp/include/sciComp_bits/range.hpp */ = {isa = PBXFileReference; explicitFileType = sourcecode.cpp.h; fileEncoding = 4; name = range.hpp; path = include/sciComp_bits/range.hpp; sourceTree = SOURCE_ROOT; };
		69D0B44B1D2943208B54FC10 /* /Users/bernardocohen/repos/sciComp/cpp/include/sciComp_bits/chi_beta.hpp */ = {isa = PBXFileReference; explicitFileType = sourcecode.cpp.h; fileEncoding = 4; name = chi_beta.hpp; path = include/sciComp_bits/chi_beta.hpp; sourceTree = SOURCE_ROOT; };
		6B702D8A8C9E4640903950EF /* /Users/bernardocohen/repos/sciComp/cpp/include/sciComp_bits/f_alpha.hpp */ = {isa = PBXFileReference; explicitFileType = sourcecode.cpp.h; fileEncoding = 4; name = f_alpha.hpp; path = include/sciComp_bits/f_alpha.hpp; sourceTree = SOURCE_ROOT; };
		6BB980FA33AD483DBDE6CBA3 /* /Users/bernardocohen/repos/sciComp/cpp/include/sciComp_bits/inplace_factorize.hpp */ = {isa = PBXFileReference; explicitFileType = sourcecode.cpp.h; fileEncoding = 4; name = inplace_factorize.hpp; path = include/sciComp_bits/inplace_factorize.hpp; sourceTree = SOURCE_ROOT; };
		77D548E3AEC34630AEC36CA0 /* /Users/bernardocohen/repos/sciComp/cpp/CMakeLists.txt */ = {isa = PBXFileReference; explicitFileType = sourcecode.text; fileEncoding = 4; name = CMakeLists.txt; path = CMakeLists.txt; sourceTree = SOURCE_ROOT; };
		783272E95D5A4781A94A8C32 /* /Users/bernardocohen/repos/sciComp/cpp/include/sciComp_bits/row_col.hpp */ = {isa = PBXFileReference; explicitFileType = sourcecode.cpp.h; fileEncoding = 4; name = row_col.hpp; path = include/sciComp_bits/row_col.hpp; sourceTree = SOURCE_ROOT; };
		7A05E2EFFB6E437E951F532F /* /Users/bernardocohen/repos/sciComp/cpp/src/intro.cpp */ = {isa = PBXFileReference; explicitFileType = sourcecode.cpp.cpp; fileEncoding = 4; name = intro.cpp; path = src/intro.cpp; sourceTree = SOURCE_ROOT; };
		7A7F2CC4A0A04362B2EB81EC /* /Users/bernardocohen/repos/sciComp/cpp/include/sciComp_bits/index.hpp */ = {isa = PBXFileReference; explicitFileType = sourcecode.cpp.h; fileEncoding = 4; name = index.hpp; path = include/sciComp_bits/index.hpp; sourceTree = SOURCE_ROOT; };
		8ECBCAA85C6A4259AE332FF0 /* /Users/bernardocohen/repos/sciComp/cpp/include/sciComp_bits/interpolate_1d.hpp */ = {isa = PBXFileReference; explicitFileType = sourcecode.cpp.h; fileEncoding = 4; name = interpolate_1d.hpp; path = include/sciComp_bits/interpolate_1d.hpp; sourceTree = SOURCE_ROOT; };
		D72A90A7FE314559B0EA4BBF /* /Users/bernardocohen/repos/sciComp/cpp/include/sciComp_bits/interpolate_2d.hpp */ = {isa = PBXFileReference; explicitFileType = sourcecode.cpp.h; fileEncoding = 4; name = interpolate_2d.hpp; path = include/sciComp_bits/interpolate_2d.hpp; sourceTree = SOURCE_ROOT; };
		EB8DD31EBA4E49E990C0215A /* /Users/bernardocohen/repos/sciComp/cpp/include/sciComp_bits/quaternion.hpp */ = {isa = PBXFileReference; explicitFileType = sourcecode.cpp.h; fileEncoding = 4; name = quaternion.hpp; path = include/sciComp_bits/quaternion.hpp; sourceTree = SOURCE_ROOT; };
		F359AE8A15ED4782B5041146 /* /Users/bernardocohen/repos/sciComp/cpp/include/sciComp_bits/tridiag_ldlt.hpp */ = {isa = PBXFileReference; explicitFileType = sourcecode.cpp.h; fileEncoding = 4; name = tridiag_ldlt.hpp; path = include/sciComp_bits/tridiag_ldlt.hpp; sourceTree = SOURCE_ROOT; };
		F4199E7790804E8FA88B3ECB /* /Users/bernardocohen/repos/sciComp/cpp/include/sciComp_bits/tridiag.hpp */ = {isa = PBXFileReference; explicitFileType = sourcecode.cpp.h; fileEncoding = 4; name = tridiag.hpp; path = include/sciComp_bits/tridiag.hpp; sourceTree = SOURCE_ROOT; };
		FC57A8A463204905A364D08E /* /Users/bernardocohen/repos/sciComp/cpp/include/sciComp_bits/mass.hpp */ = {isa = PBXFileReference; explicitFileType = sourcecode.cpp.h; fileEncoding = 4; name = mass.hpp; path = include/sciComp_bits/mass.hpp; sourceTree = SOURCE_ROOT; };
/* End PBXFileReference section */

/* Begin PBXFrameworksBuildPhase section */
		37BDD9BD46F94D8FAF5B33DD /* Frameworks */ = {
			isa = PBXFrameworksBuildPhase;
			buildActionMask = 2147483647;
			files = (
			);
			runOnlyForDeploymentPostprocessing = 0;
		};
/* End PBXFrameworksBuildPhase section */

/* Begin PBXGroup section */
		00D0C071AB6D44B4B32D4E74 /* ALL_BUILD */ = {
			isa = PBXGroup;
			children = (
				729BAF5FD8394C7A8CF68959 /* CMake Rules */,
				4298E12B3D004798B9952C91 /* /Users/bernardocohen/repos/sciComp/cpp/CMakeLists.txt */,
			);
			name = ALL_BUILD;
			sourceTree = "<group>";
		};
		068AEFD1DC744C0F9862A417 /* sciComp_bits */ = {
			isa = PBXGroup;
			children = (
				69D0B44B1D2943208B54FC10 /* /Users/bernardocohen/repos/sciComp/cpp/include/sciComp_bits/chi_beta.hpp */,
				1B6B1B7A8C9A4DF390A696F0 /* /Users/bernardocohen/repos/sciComp/cpp/include/sciComp_bits/energy.hpp */,
				6B702D8A8C9E4640903950EF /* /Users/bernardocohen/repos/sciComp/cpp/include/sciComp_bits/f_alpha.hpp */,
				0F9DDA713E16493ABF1FA0AB /* /Users/bernardocohen/repos/sciComp/cpp/include/sciComp_bits/fft.hpp */,
				423F8A3874C343D2AD9368D4 /* /Users/bernardocohen/repos/sciComp/cpp/include/sciComp_bits/fft_sin.hpp */,
				2BBDA4F45BFC43FABAE9782C /* /Users/bernardocohen/repos/sciComp/cpp/include/sciComp_bits/fish2d_fft.hpp */,
				7A7F2CC4A0A04362B2EB81EC /* /Users/bernardocohen/repos/sciComp/cpp/include/sciComp_bits/index.hpp */,
				6BB980FA33AD483DBDE6CBA3 /* /Users/bernardocohen/repos/sciComp/cpp/include/sciComp_bits/inplace_factorize.hpp */,
				4F36992EDB77494998E19400 /* /Users/bernardocohen/repos/sciComp/cpp/include/sciComp_bits/inplace_solve.hpp */,
				8ECBCAA85C6A4259AE332FF0 /* /Users/bernardocohen/repos/sciComp/cpp/include/sciComp_bits/interpolate_1d.hpp */,
				D72A90A7FE314559B0EA4BBF /* /Users/bernardocohen/repos/sciComp/cpp/include/sciComp_bits/interpolate_2d.hpp */,
				38146C1E87E84B93862620DB /* /Users/bernardocohen/repos/sciComp/cpp/include/sciComp_bits/intro.hpp */,
				FC57A8A463204905A364D08E /* /Users/bernardocohen/repos/sciComp/cpp/include/sciComp_bits/mass.hpp */,
				EB8DD31EBA4E49E990C0215A /* /Users/bernardocohen/repos/sciComp/cpp/include/sciComp_bits/quaternion.hpp */,
				4F5E54153F9A4EE0B0323474 /* /Users/bernardocohen/repos/sciComp/cpp/include/sciComp_bits/range.hpp */,
				783272E95D5A4781A94A8C32 /* /Users/bernardocohen/repos/sciComp/cpp/include/sciComp_bits/row_col.hpp */,
				F4199E7790804E8FA88B3ECB /* /Users/bernardocohen/repos/sciComp/cpp/include/sciComp_bits/tridiag.hpp */,
				F359AE8A15ED4782B5041146 /* /Users/bernardocohen/repos/sciComp/cpp/include/sciComp_bits/tridiag_ldlt.hpp */,
				31C15E32727D40A68D64E247 /* /Users/bernardocohen/repos/sciComp/cpp/include/sciComp_bits/u_alpha.hpp */,
				4E0F16E940254D7C9F7E9E62 /* /Users/bernardocohen/repos/sciComp/cpp/include/sciComp_bits/valarray_util.hpp */,
			);
			name = sciComp_bits;
			sourceTree = "<group>";
		};
		38DE788467F34290A3185808 = {
			isa = PBXGroup;
			children = (
				9B235F831EE5457E97615F3B /* sciComp */,
				00D0C071AB6D44B4B32D4E74 /* ALL_BUILD */,
				CF5B7617DAA44D2CA7899401 /* Products */,
				912245A11568470696DB3FAB /* Frameworks */,
			);
			sourceTree = "<group>";
		};
		4BB3B8917F5A4B08AF1E21D8 /* include */ = {
			isa = PBXGroup;
			children = (
				068AEFD1DC744C0F9862A417 /* sciComp_bits */,
			);
			name = include;
			sourceTree = "<group>";
		};
		673DCE3860E14C3391E4678F /* src */ = {
			isa = PBXGroup;
			children = (
				7A05E2EFFB6E437E951F532F /* /Users/bernardocohen/repos/sciComp/cpp/src/intro.cpp */,
			);
			name = src;
			sourceTree = "<group>";
		};
		729BAF5FD8394C7A8CF68959 /* CMake Rules */ = {
			isa = PBXGroup;
			children = (
			);
			name = "CMake Rules";
			sourceTree = "<group>";
		};
		912245A11568470696DB3FAB /* Frameworks */ = {
			isa = PBXGroup;
			children = (
			);
			name = Frameworks;
			sourceTree = "<group>";
		};
		9B235F831EE5457E97615F3B /* sciComp */ = {
			isa = PBXGroup;
			children = (
				4BB3B8917F5A4B08AF1E21D8 /* include */,
				673DCE3860E14C3391E4678F /* src */,
				77D548E3AEC34630AEC36CA0 /* /Users/bernardocohen/repos/sciComp/cpp/CMakeLists.txt */,
			);
			name = sciComp;
			sourceTree = "<group>";
		};
		CF5B7617DAA44D2CA7899401 /* Products */ = {
			isa = PBXGroup;
			children = (
				30332C17995541859CC8AE2D /* sciComp */,
			);
			name = Products;
			sourceTree = "<group>";
		};
/* End PBXGroup section */

/* Begin PBXNativeTarget section */
		395DCFDF02384328B0A5B24D /* sciComp */ = {
			isa = PBXNativeTarget;
			buildConfigurationList = C26552D216D34615A82BD768 /* Build configuration list for PBXNativeTarget "sciComp" */;
			buildPhases = (
				D1F9B2FE07564559AB97965E /* Sources */,
				37BDD9BD46F94D8FAF5B33DD /* Frameworks */,
				81B958E0EE8A26596BC47B3A /* CMake PostBuild Rules */,
			);
			buildRules = (
			);
			dependencies = (
				9A170B53F97B45209D11E338 /* PBXTargetDependency */,
			);
			name = sciComp;
			productName = sciComp;
			productReference = 30332C17995541859CC8AE2D /* sciComp */;
			productType = "com.apple.product-type.library.dynamic";
		};
/* End PBXNativeTarget section */

/* Begin PBXProject section */
		71EE89B77DA44105A1430982 /* Project object */ = {
			isa = PBXProject;
			attributes = {
				BuildIndependentTargetsInParallel = YES;
				LastUpgradeCheck = 1250;
			};
			buildConfigurationList = 4E2D83F3C8874A41B47F43D8 /* Build configuration list for PBXProject "scicomp" */;
			buildSettings = {
			};
			buildStyles = (
				53D36941018E46CFADE40989 /* Debug */,
				8D1E957DA1B14BC29C6D3609 /* Release */,
				ACFD827F212248A2A324056E /* MinSizeRel */,
				E2D062136F8040B3A11B335D /* RelWithDebInfo */,
			);
			compatibilityVersion = "Xcode 3.2";
			hasScannedForEncodings = 0;
			mainGroup = 38DE788467F34290A3185808;
			projectDirPath = ../;
			projectRoot = "";
			targets = (
				9EBC1418917A4253B134FB82 /* ALL_BUILD */,
				6DEF044C27B14A3DB42A0DDE /* ZERO_CHECK */,
				DB5DBD7591454E4F9A9A7B5A /* install */,
				395DCFDF02384328B0A5B24D /* sciComp */,
			);
		};
/* End PBXProject section */

/* Begin PBXShellScriptBuildPhase section */
		3C0110FC8322DE7E50886E21 = {
			isa = PBXShellScriptBuildPhase;
			buildActionMask = 2147483647;
			files = (
			);
			inputPaths = (
			);
			outputPaths = (
			);
			runOnlyForDeploymentPostprocessing = 0;
			shellPath = /bin/sh;
			shellScript = "# shell script goes here
exit 0";
			showEnvVarsInLog = 0;
		};
		81B958E0EE8A26596BC47B3A /* CMake PostBuild Rules */ = {
			isa = PBXShellScriptBuildPhase;
			alwaysOutOfDate = 1;
			buildActionMask = 2147483647;
			files = (
			);
			name = "CMake PostBuild Rules";
			outputPaths = (
			);
			runOnlyForDeploymentPostprocessing = 0;
			shellPath = /bin/sh;
			shellScript = "set -e
if test \"$CONFIGURATION\" = \"Debug\"; then :
  cd /Users/bernardocohen/repos/sciComp/cpp/Xcode
  /usr/local/Cellar/cmake/3.21.1/bin/cmake -E cmake_symlink_library /Users/bernardocohen/repos/sciComp/cpp/Xcode/Debug/libsciComp.dylib /Users/bernardocohen/repos/sciComp/cpp/Xcode/Debug/libsciComp.dylib /Users/bernardocohen/repos/sciComp/cpp/Xcode/Debug/libsciComp.dylib
fi
if test \"$CONFIGURATION\" = \"Release\"; then :
  cd /Users/bernardocohen/repos/sciComp/cpp/Xcode
  /usr/local/Cellar/cmake/3.21.1/bin/cmake -E cmake_symlink_library /Users/bernardocohen/repos/sciComp/cpp/Xcode/Release/libsciComp.dylib /Users/bernardocohen/repos/sciComp/cpp/Xcode/Release/libsciComp.dylib /Users/bernardocohen/repos/sciComp/cpp/Xcode/Release/libsciComp.dylib
fi
if test \"$CONFIGURATION\" = \"MinSizeRel\"; then :
  cd /Users/bernardocohen/repos/sciComp/cpp/Xcode
  /usr/local/Cellar/cmake/3.21.1/bin/cmake -E cmake_symlink_library /Users/bernardocohen/repos/sciComp/cpp/Xcode/MinSizeRel/libsciComp.dylib /Users/bernardocohen/repos/sciComp/cpp/Xcode/MinSizeRel/libsciComp.dylib /Users/bernardocohen/repos/sciComp/cpp/Xcode/MinSizeRel/libsciComp.dylib
fi
if test \"$CONFIGURATION\" = \"RelWithDebInfo\"; then :
  cd /Users/bernardocohen/repos/sciComp/cpp/Xcode
  /usr/local/Cellar/cmake/3.21.1/bin/cmake -E cmake_symlink_library /Users/bernardocohen/repos/sciComp/cpp/Xcode/RelWithDebInfo/libsciComp.dylib /Users/bernardocohen/repos/sciComp/cpp/Xcode/RelWithDebInfo/libsciComp.dylib /Users/bernardocohen/repos/sciComp/cpp/Xcode/RelWithDebInfo/libsciComp.dylib
fi
";
			showEnvVarsInLog = 0;
		};
		87AF4882E018677E2624B544 = {
			isa = PBXShellScriptBuildPhase;
			buildActionMask = 2147483647;
			files = (
			);
			inputPaths = (
			);
			outputPaths = (
			);
			runOnlyForDeploymentPostprocessing = 0;
			shellPath = /bin/sh;
			shellScript = "# shell script goes here
exit 0";
			showEnvVarsInLog = 0;
		};
		93426DA6A4AC2C2AC9CE883C /* CMake PostBuild Rules */ = {
			isa = PBXShellScriptBuildPhase;
			alwaysOutOfDate = 1;
			buildActionMask = 2147483647;
			files = (
			);
			name = "CMake PostBuild Rules";
			outputPaths = (
			);
			runOnlyForDeploymentPostprocessing = 0;
			shellPath = /bin/sh;
			shellScript = "set -e
if test \"$CONFIGURATION\" = \"Debug\"; then :
  cd /Users/bernardocohen/repos/sciComp/cpp/Xcode
  /usr/local/Cellar/cmake/3.21.1/bin/cmake -DBUILD_TYPE=$CONFIGURATION$EFFECTIVE_PLATFORM_NAME -P cmake_install.cmake
fi
if test \"$CONFIGURATION\" = \"Release\"; then :
  cd /Users/bernardocohen/repos/sciComp/cpp/Xcode
  /usr/local/Cellar/cmake/3.21.1/bin/cmake -DBUILD_TYPE=$CONFIGURATION$EFFECTIVE_PLATFORM_NAME -P cmake_install.cmake
fi
if test \"$CONFIGURATION\" = \"MinSizeRel\"; then :
  cd /Users/bernardocohen/repos/sciComp/cpp/Xcode
  /usr/local/Cellar/cmake/3.21.1/bin/cmake -DBUILD_TYPE=$CONFIGURATION$EFFECTIVE_PLATFORM_NAME -P cmake_install.cmake
fi
if test \"$CONFIGURATION\" = \"RelWithDebInfo\"; then :
  cd /Users/bernardocohen/repos/sciComp/cpp/Xcode
  /usr/local/Cellar/cmake/3.21.1/bin/cmake -DBUILD_TYPE=$CONFIGURATION$EFFECTIVE_PLATFORM_NAME -P cmake_install.cmake
fi
";
			showEnvVarsInLog = 0;
		};
		9B50530E35CC49C82C2FACCF = {
			isa = PBXShellScriptBuildPhase;
			buildActionMask = 2147483647;
			files = (
			);
			inputPaths = (
			);
			outputPaths = (
			);
			runOnlyForDeploymentPostprocessing = 0;
			shellPath = /bin/sh;
			shellScript = "# shell script goes here
exit 0";
			showEnvVarsInLog = 0;
		};
		CEFDD2419DB89B966C8371BE /* Generate CMakeFiles/ZERO_CHECK */ = {
			isa = PBXShellScriptBuildPhase;
			alwaysOutOfDate = 1;
			buildActionMask = 2147483647;
			files = (
			);
			inputPaths = (
			);
			name = "Generate CMakeFiles/ZERO_CHECK";
			outputPaths = (
/Users/bernardocohen/repos/sciComp/cpp/Xcode/CMakeFiles/ZERO_CHECK			);
			runOnlyForDeploymentPostprocessing = 0;
			shellPath = /bin/sh;
			shellScript = "set -e
if test \"$CONFIGURATION\" = \"Debug\"; then :
  cd /Users/bernardocohen/repos/sciComp/cpp/Xcode
  make -f /Users/bernardocohen/repos/sciComp/cpp/Xcode/CMakeScripts/ReRunCMake.make
fi
if test \"$CONFIGURATION\" = \"Release\"; then :
  cd /Users/bernardocohen/repos/sciComp/cpp/Xcode
  make -f /Users/bernardocohen/repos/sciComp/cpp/Xcode/CMakeScripts/ReRunCMake.make
fi
if test \"$CONFIGURATION\" = \"MinSizeRel\"; then :
  cd /Users/bernardocohen/repos/sciComp/cpp/Xcode
  make -f /Users/bernardocohen/repos/sciComp/cpp/Xcode/CMakeScripts/ReRunCMake.make
fi
if test \"$CONFIGURATION\" = \"RelWithDebInfo\"; then :
  cd /Users/bernardocohen/repos/sciComp/cpp/Xcode
  make -f /Users/bernardocohen/repos/sciComp/cpp/Xcode/CMakeScripts/ReRunCMake.make
fi
";
			showEnvVarsInLog = 0;
		};
		E56624D794D75988FB66B0D6 /* Generate CMakeFiles/ALL_BUILD */ = {
			isa = PBXShellScriptBuildPhase;
			alwaysOutOfDate = 1;
			buildActionMask = 2147483647;
			files = (
			);
			inputPaths = (
			);
			name = "Generate CMakeFiles/ALL_BUILD";
			outputPaths = (
/Users/bernardocohen/repos/sciComp/cpp/Xcode/CMakeFiles/ALL_BUILD			);
			runOnlyForDeploymentPostprocessing = 0;
			shellPath = /bin/sh;
			shellScript = "set -e
if test \"$CONFIGURATION\" = \"Debug\"; then :
  cd /Users/bernardocohen/repos/sciComp/cpp/Xcode
  echo Build\\ all\\ projects
fi
if test \"$CONFIGURATION\" = \"Release\"; then :
  cd /Users/bernardocohen/repos/sciComp/cpp/Xcode
  echo Build\\ all\\ projects
fi
if test \"$CONFIGURATION\" = \"MinSizeRel\"; then :
  cd /Users/bernardocohen/repos/sciComp/cpp/Xcode
  echo Build\\ all\\ projects
fi
if test \"$CONFIGURATION\" = \"RelWithDebInfo\"; then :
  cd /Users/bernardocohen/repos/sciComp/cpp/Xcode
  echo Build\\ all\\ projects
fi
";
			showEnvVarsInLog = 0;
		};
/* End PBXShellScriptBuildPhase section */

/* Begin PBXSourcesBuildPhase section */
		D1F9B2FE07564559AB97965E /* Sources */ = {
			isa = PBXSourcesBuildPhase;
			buildActionMask = 2147483647;
			files = (
				FD9AD35C2008406C982E7551 /* /Users/bernardocohen/repos/sciComp/cpp/src/intro.cpp */,
			);
			runOnlyForDeploymentPostprocessing = 0;
		};
/* End PBXSourcesBuildPhase section */

/* Begin PBXTargetDependency section */
		091BAD2252734B95A382EAC9 /* PBXTargetDependency */ = {
			isa = PBXTargetDependency;
			target = 6DEF044C27B14A3DB42A0DDE /* ZERO_CHECK */;
			targetProxy = 6286B2B3969A4774AF9A904C /* PBXContainerItemProxy */;
		};
		9A170B53F97B45209D11E338 /* PBXTargetDependency */ = {
			isa = PBXTargetDependency;
			target = 6DEF044C27B14A3DB42A0DDE /* ZERO_CHECK */;
			targetProxy = 7F974536EE824084B178CBC3 /* PBXContainerItemProxy */;
		};
		BEE6DF707001416F89CE8DFE /* PBXTargetDependency */ = {
			isa = PBXTargetDependency;
			target = 9EBC1418917A4253B134FB82 /* ALL_BUILD */;
			targetProxy = 8468ED17BFBE4E0C91F2F30C /* PBXContainerItemProxy */;
		};
		F6304A2CBF6D44B9AB8D68A3 /* PBXTargetDependency */ = {
			isa = PBXTargetDependency;
			target = 395DCFDF02384328B0A5B24D /* sciComp */;
			targetProxy = E0F1ABB752F64906938D4EC8 /* PBXContainerItemProxy */;
		};
/* End PBXTargetDependency section */

/* Begin XCBuildConfiguration section */
		121646CFF0794A7389D295B6 /* Debug */ = {
			isa = XCBuildConfiguration;
			buildSettings = {
				COMBINE_HIDPI_IMAGES = YES;
				GCC_GENERATE_DEBUGGING_SYMBOLS = YES;
				GCC_INLINES_ARE_PRIVATE_EXTERN = NO;
				GCC_OPTIMIZATION_LEVEL = 0;
				GCC_PREPROCESSOR_DEFINITIONS = ("'CMAKE_INTDIR=\"$(CONFIGURATION)$(EFFECTIVE_PLATFORM_NAME)\"'","$(inherited)");
				GCC_SYMBOLS_PRIVATE_EXTERN = NO;
				INSTALL_PATH = "";
				OTHER_LDFLAGS = ("","$(inherited)");
				OTHER_REZFLAGS = "";
				PRODUCT_NAME = ZERO_CHECK;
				SECTORDER_FLAGS = "";
				SYMROOT = /Users/bernardocohen/repos/sciComp/cpp/Xcode;
				USE_HEADERMAP = NO;
				WARNING_CFLAGS = ("$(inherited)");
			};
			name = Debug;
		};
		1315CB75006445DD915FC37B /* MinSizeRel */ = {
			isa = XCBuildConfiguration;
			buildSettings = {
				COMBINE_HIDPI_IMAGES = YES;
				GCC_GENERATE_DEBUGGING_SYMBOLS = YES;
				GCC_INLINES_ARE_PRIVATE_EXTERN = NO;
				GCC_OPTIMIZATION_LEVEL = 0;
				GCC_PREPROCESSOR_DEFINITIONS = ("'CMAKE_INTDIR=\"$(CONFIGURATION)$(EFFECTIVE_PLATFORM_NAME)\"'","$(inherited)");
				GCC_SYMBOLS_PRIVATE_EXTERN = NO;
				INSTALL_PATH = "";
				OTHER_LDFLAGS = ("","$(inherited)");
				OTHER_REZFLAGS = "";
				PRODUCT_NAME = ALL_BUILD;
				SECTORDER_FLAGS = "";
				SYMROOT = /Users/bernardocohen/repos/sciComp/cpp/Xcode;
				USE_HEADERMAP = NO;
				WARNING_CFLAGS = ("$(inherited)");
			};
			name = MinSizeRel;
		};
		1F0F977C9A3243B5B6F0D4AA /* RelWithDebInfo */ = {
			isa = XCBuildConfiguration;
			buildSettings = {
				COMBINE_HIDPI_IMAGES = YES;
				GCC_GENERATE_DEBUGGING_SYMBOLS = YES;
				GCC_INLINES_ARE_PRIVATE_EXTERN = NO;
				GCC_OPTIMIZATION_LEVEL = 0;
				GCC_PREPROCESSOR_DEFINITIONS = ("'CMAKE_INTDIR=\"$(CONFIGURATION)$(EFFECTIVE_PLATFORM_NAME)\"'","$(inherited)");
				GCC_SYMBOLS_PRIVATE_EXTERN = NO;
				INSTALL_PATH = "";
				OTHER_LDFLAGS = ("","$(inherited)");
				OTHER_REZFLAGS = "";
				PRODUCT_NAME = ALL_BUILD;
				SECTORDER_FLAGS = "";
				SYMROOT = /Users/bernardocohen/repos/sciComp/cpp/Xcode;
				USE_HEADERMAP = NO;
				WARNING_CFLAGS = ("$(inherited)");
			};
			name = RelWithDebInfo;
		};
		215670B6985C4D8CBEE2406B /* Debug */ = {
			isa = XCBuildConfiguration;
			buildSettings = {
				COMBINE_HIDPI_IMAGES = YES;
				DYLIB_COMPATIBILITY_VERSION = "";
				DYLIB_CURRENT_VERSION = "";
				EXECUTABLE_PREFIX = lib;
				EXECUTABLE_SUFFIX = .dylib;
				GCC_GENERATE_DEBUGGING_SYMBOLS = YES;
				GCC_INLINES_ARE_PRIVATE_EXTERN = NO;
				GCC_OPTIMIZATION_LEVEL = 0;
				GCC_PREPROCESSOR_DEFINITIONS = ("'CMAKE_INTDIR=\"$(CONFIGURATION)$(EFFECTIVE_PLATFORM_NAME)\"'",sciComp_EXPORTS,"$(inherited)");
				GCC_SYMBOLS_PRIVATE_EXTERN = NO;
				HEADER_SEARCH_PATHS = (/usr/local/include,/Users/bernardocohen/repos/sciComp/cpp/include/sciComp_bits,"$(inherited)");
				INSTALL_PATH = "@rpath";
				LIBRARY_STYLE = DYNAMIC;
				OTHER_CPLUSPLUSFLAGS = "   -fPIC '-std=c++17' ";
				OTHER_LDFLAGS = (" -dynamiclib -Wl,-headerpad_max_install_names","$(inherited)");
				OTHER_REZFLAGS = "";
				PRODUCT_NAME = sciComp;
				SECTORDER_FLAGS = "";
				SYMROOT = /Users/bernardocohen/repos/sciComp/cpp/Xcode;
				USE_HEADERMAP = NO;
				WARNING_CFLAGS = ("$(inherited)");
			};
			name = Debug;
		};
		38A2636D418A4656A198FF95 /* Release */ = {
			isa = XCBuildConfiguration;
			buildSettings = {
				COMBINE_HIDPI_IMAGES = YES;
				GCC_GENERATE_DEBUGGING_SYMBOLS = YES;
				GCC_INLINES_ARE_PRIVATE_EXTERN = NO;
				GCC_OPTIMIZATION_LEVEL = 0;
				GCC_PREPROCESSOR_DEFINITIONS = ("'CMAKE_INTDIR=\"$(CONFIGURATION)$(EFFECTIVE_PLATFORM_NAME)\"'","$(inherited)");
				GCC_SYMBOLS_PRIVATE_EXTERN = NO;
				INSTALL_PATH = "";
				OTHER_LDFLAGS = ("","$(inherited)");
				OTHER_REZFLAGS = "";
				PRODUCT_NAME = ALL_BUILD;
				SECTORDER_FLAGS = "";
				SYMROOT = /Users/bernardocohen/repos/sciComp/cpp/Xcode;
				USE_HEADERMAP = NO;
				WARNING_CFLAGS = ("$(inherited)");
			};
			name = Release;
		};
		38F82E04C6144ED9AA7AF647 /* Debug */ = {
			isa = XCBuildConfiguration;
			buildSettings = {
				COMBINE_HIDPI_IMAGES = YES;
				GCC_GENERATE_DEBUGGING_SYMBOLS = YES;
				GCC_INLINES_ARE_PRIVATE_EXTERN = NO;
				GCC_OPTIMIZATION_LEVEL = 0;
				GCC_PREPROCESSOR_DEFINITIONS = ("'CMAKE_INTDIR=\"$(CONFIGURATION)$(EFFECTIVE_PLATFORM_NAME)\"'","$(inherited)");
				GCC_SYMBOLS_PRIVATE_EXTERN = NO;
				INSTALL_PATH = "";
				OTHER_LDFLAGS = ("","$(inherited)");
				OTHER_REZFLAGS = "";
				PRODUCT_NAME = install;
				SECTORDER_FLAGS = "";
				SYMROOT = /Users/bernardocohen/repos/sciComp/cpp/Xcode;
				USE_HEADERMAP = NO;
				WARNING_CFLAGS = ("$(inherited)");
			};
			name = Debug;
		};
		4805EB2A936F498182E38BC2 /* MinSizeRel */ = {
			isa = XCBuildConfiguration;
			buildSettings = {
				ARCHS = "$(NATIVE_ARCH_ACTUAL)";
				ONLY_ACTIVE_ARCH = YES;
				SDKROOT = /Applications/Xcode.app/Contents/Developer/Platforms/MacOSX.platform/Developer/SDKs/MacOSX11.3.sdk;
				SYMROOT = /Users/bernardocohen/repos/sciComp/cpp/Xcode/build;
			};
			name = MinSizeRel;
		};
		489F2E5E254F43049D2C4F24 /* MinSizeRel */ = {
			isa = XCBuildConfiguration;
			buildSettings = {
				COMBINE_HIDPI_IMAGES = YES;
				DYLIB_COMPATIBILITY_VERSION = "";
				DYLIB_CURRENT_VERSION = "";
				EXECUTABLE_PREFIX = lib;
				EXECUTABLE_SUFFIX = .dylib;
				GCC_GENERATE_DEBUGGING_SYMBOLS = NO;
				GCC_INLINES_ARE_PRIVATE_EXTERN = NO;
				GCC_OPTIMIZATION_LEVEL = s;
				GCC_PREPROCESSOR_DEFINITIONS = ("'CMAKE_INTDIR=\"$(CONFIGURATION)$(EFFECTIVE_PLATFORM_NAME)\"'",sciComp_EXPORTS,"$(inherited)");
				GCC_SYMBOLS_PRIVATE_EXTERN = NO;
				HEADER_SEARCH_PATHS = (/usr/local/include,/Users/bernardocohen/repos/sciComp/cpp/include/sciComp_bits,"$(inherited)");
				INSTALL_PATH = "@rpath";
				LIBRARY_STYLE = DYNAMIC;
				OTHER_CPLUSPLUSFLAGS = "    -DNDEBUG -fPIC '-std=c++17' ";
				OTHER_LDFLAGS = (" -dynamiclib -Wl,-headerpad_max_install_names","$(inherited)");
				OTHER_REZFLAGS = "";
				PRODUCT_NAME = sciComp;
				SECTORDER_FLAGS = "";
				SYMROOT = /Users/bernardocohen/repos/sciComp/cpp/Xcode;
				USE_HEADERMAP = NO;
				WARNING_CFLAGS = ("$(inherited)");
			};
			name = MinSizeRel;
		};
		4D6D83D055B54C63A401F929 /* RelWithDebInfo */ = {
			isa = XCBuildConfiguration;
			buildSettings = {
				COMBINE_HIDPI_IMAGES = YES;
				DYLIB_COMPATIBILITY_VERSION = "";
				DYLIB_CURRENT_VERSION = "";
				EXECUTABLE_PREFIX = lib;
				EXECUTABLE_SUFFIX = .dylib;
				GCC_GENERATE_DEBUGGING_SYMBOLS = YES;
				GCC_INLINES_ARE_PRIVATE_EXTERN = NO;
				GCC_OPTIMIZATION_LEVEL = 2;
				GCC_PREPROCESSOR_DEFINITIONS = ("'CMAKE_INTDIR=\"$(CONFIGURATION)$(EFFECTIVE_PLATFORM_NAME)\"'",sciComp_EXPORTS,"$(inherited)");
				GCC_SYMBOLS_PRIVATE_EXTERN = NO;
				HEADER_SEARCH_PATHS = (/usr/local/include,/Users/bernardocohen/repos/sciComp/cpp/include/sciComp_bits,"$(inherited)");
				INSTALL_PATH = "@rpath";
				LIBRARY_STYLE = DYNAMIC;
				OTHER_CPLUSPLUSFLAGS = "       -DNDEBUG -fPIC '-std=c++17' ";
				OTHER_LDFLAGS = (" -dynamiclib -Wl,-headerpad_max_install_names","$(inherited)");
				OTHER_REZFLAGS = "";
				PRODUCT_NAME = sciComp;
				SECTORDER_FLAGS = "";
				SYMROOT = /Users/bernardocohen/repos/sciComp/cpp/Xcode;
				USE_HEADERMAP = NO;
				WARNING_CFLAGS = ("$(inherited)");
			};
			name = RelWithDebInfo;
		};
		4FF025C3E2264EEDB422DEA7 /* RelWithDebInfo */ = {
			isa = XCBuildConfiguration;
			buildSettings = {
				COMBINE_HIDPI_IMAGES = YES;
				GCC_GENERATE_DEBUGGING_SYMBOLS = YES;
				GCC_INLINES_ARE_PRIVATE_EXTERN = NO;
				GCC_OPTIMIZATION_LEVEL = 0;
				GCC_PREPROCESSOR_DEFINITIONS = ("'CMAKE_INTDIR=\"$(CONFIGURATION)$(EFFECTIVE_PLATFORM_NAME)\"'","$(inherited)");
				GCC_SYMBOLS_PRIVATE_EXTERN = NO;
				INSTALL_PATH = "";
				OTHER_LDFLAGS = ("","$(inherited)");
				OTHER_REZFLAGS = "";
				PRODUCT_NAME = install;
				SECTORDER_FLAGS = "";
				SYMROOT = /Users/bernardocohen/repos/sciComp/cpp/Xcode;
				USE_HEADERMAP = NO;
				WARNING_CFLAGS = ("$(inherited)");
			};
			name = RelWithDebInfo;
		};
		6BE026F9CE7040F9B98EAEA8 /* MinSizeRel */ = {
			isa = XCBuildConfiguration;
			buildSettings = {
				COMBINE_HIDPI_IMAGES = YES;
				GCC_GENERATE_DEBUGGING_SYMBOLS = YES;
				GCC_INLINES_ARE_PRIVATE_EXTERN = NO;
				GCC_OPTIMIZATION_LEVEL = 0;
				GCC_PREPROCESSOR_DEFINITIONS = ("'CMAKE_INTDIR=\"$(CONFIGURATION)$(EFFECTIVE_PLATFORM_NAME)\"'","$(inherited)");
				GCC_SYMBOLS_PRIVATE_EXTERN = NO;
				INSTALL_PATH = "";
				OTHER_LDFLAGS = ("","$(inherited)");
				OTHER_REZFLAGS = "";
				PRODUCT_NAME = ZERO_CHECK;
				SECTORDER_FLAGS = "";
				SYMROOT = /Users/bernardocohen/repos/sciComp/cpp/Xcode;
				USE_HEADERMAP = NO;
				WARNING_CFLAGS = ("$(inherited)");
			};
			name = MinSizeRel;
		};
		8C082A253E2C4CBBB029A505 /* Release */ = {
			isa = XCBuildConfiguration;
			buildSettings = {
				COMBINE_HIDPI_IMAGES = YES;
				GCC_GENERATE_DEBUGGING_SYMBOLS = YES;
				GCC_INLINES_ARE_PRIVATE_EXTERN = NO;
				GCC_OPTIMIZATION_LEVEL = 0;
				GCC_PREPROCESSOR_DEFINITIONS = ("'CMAKE_INTDIR=\"$(CONFIGURATION)$(EFFECTIVE_PLATFORM_NAME)\"'","$(inherited)");
				GCC_SYMBOLS_PRIVATE_EXTERN = NO;
				INSTALL_PATH = "";
				OTHER_LDFLAGS = ("","$(inherited)");
				OTHER_REZFLAGS = "";
				PRODUCT_NAME = install;
				SECTORDER_FLAGS = "";
				SYMROOT = /Users/bernardocohen/repos/sciComp/cpp/Xcode;
				USE_HEADERMAP = NO;
				WARNING_CFLAGS = ("$(inherited)");
			};
			name = Release;
		};
		97073A1C29FE49B1826FDDDB /* Debug */ = {
			isa = XCBuildConfiguration;
			buildSettings = {
				ARCHS = "$(NATIVE_ARCH_ACTUAL)";
				ONLY_ACTIVE_ARCH = YES;
				SDKROOT = /Applications/Xcode.app/Contents/Developer/Platforms/MacOSX.platform/Developer/SDKs/MacOSX11.3.sdk;
				SYMROOT = /Users/bernardocohen/repos/sciComp/cpp/Xcode/build;
			};
			name = Debug;
		};
		992A87BB5EAC4930B3D1E75D /* MinSizeRel */ = {
			isa = XCBuildConfiguration;
			buildSettings = {
				COMBINE_HIDPI_IMAGES = YES;
				GCC_GENERATE_DEBUGGING_SYMBOLS = YES;
				GCC_INLINES_ARE_PRIVATE_EXTERN = NO;
				GCC_OPTIMIZATION_LEVEL = 0;
				GCC_PREPROCESSOR_DEFINITIONS = ("'CMAKE_INTDIR=\"$(CONFIGURATION)$(EFFECTIVE_PLATFORM_NAME)\"'","$(inherited)");
				GCC_SYMBOLS_PRIVATE_EXTERN = NO;
				INSTALL_PATH = "";
				OTHER_LDFLAGS = ("","$(inherited)");
				OTHER_REZFLAGS = "";
				PRODUCT_NAME = install;
				SECTORDER_FLAGS = "";
				SYMROOT = /Users/bernardocohen/repos/sciComp/cpp/Xcode;
				USE_HEADERMAP = NO;
				WARNING_CFLAGS = ("$(inherited)");
			};
			name = MinSizeRel;
		};
		BCE20A9AE57942A882698D70 /* Release */ = {
			isa = XCBuildConfiguration;
			buildSettings = {
				ARCHS = "$(NATIVE_ARCH_ACTUAL)";
				ONLY_ACTIVE_ARCH = YES;
				SDKROOT = /Applications/Xcode.app/Contents/Developer/Platforms/MacOSX.platform/Developer/SDKs/MacOSX11.3.sdk;
				SYMROOT = /Users/bernardocohen/repos/sciComp/cpp/Xcode/build;
			};
			name = Release;
		};
		BFFFE17D18BC4BC4A8D0A437 /* Release */ = {
			isa = XCBuildConfiguration;
			buildSettings = {
				COMBINE_HIDPI_IMAGES = YES;
				GCC_GENERATE_DEBUGGING_SYMBOLS = YES;
				GCC_INLINES_ARE_PRIVATE_EXTERN = NO;
				GCC_OPTIMIZATION_LEVEL = 0;
				GCC_PREPROCESSOR_DEFINITIONS = ("'CMAKE_INTDIR=\"$(CONFIGURATION)$(EFFECTIVE_PLATFORM_NAME)\"'","$(inherited)");
				GCC_SYMBOLS_PRIVATE_EXTERN = NO;
				INSTALL_PATH = "";
				OTHER_LDFLAGS = ("","$(inherited)");
				OTHER_REZFLAGS = "";
				PRODUCT_NAME = ZERO_CHECK;
				SECTORDER_FLAGS = "";
				SYMROOT = /Users/bernardocohen/repos/sciComp/cpp/Xcode;
				USE_HEADERMAP = NO;
				WARNING_CFLAGS = ("$(inherited)");
			};
			name = Release;
		};
		C62758C97D074091B4780067 /* Release */ = {
			isa = XCBuildConfiguration;
			buildSettings = {
				COMBINE_HIDPI_IMAGES = YES;
				DYLIB_COMPATIBILITY_VERSION = "";
				DYLIB_CURRENT_VERSION = "";
				EXECUTABLE_PREFIX = lib;
				EXECUTABLE_SUFFIX = .dylib;
				GCC_GENERATE_DEBUGGING_SYMBOLS = NO;
				GCC_INLINES_ARE_PRIVATE_EXTERN = NO;
				GCC_OPTIMIZATION_LEVEL = 3;
				GCC_PREPROCESSOR_DEFINITIONS = ("'CMAKE_INTDIR=\"$(CONFIGURATION)$(EFFECTIVE_PLATFORM_NAME)\"'",sciComp_EXPORTS,"$(inherited)");
				GCC_SYMBOLS_PRIVATE_EXTERN = NO;
				HEADER_SEARCH_PATHS = (/usr/local/include,/Users/bernardocohen/repos/sciComp/cpp/include/sciComp_bits,"$(inherited)");
				INSTALL_PATH = "@rpath";
				LIBRARY_STYLE = DYNAMIC;
				OTHER_CPLUSPLUSFLAGS = "    -DNDEBUG -fPIC '-std=c++17' ";
				OTHER_LDFLAGS = (" -dynamiclib -Wl,-headerpad_max_install_names","$(inherited)");
				OTHER_REZFLAGS = "";
				PRODUCT_NAME = sciComp;
				SECTORDER_FLAGS = "";
				SYMROOT = /Users/bernardocohen/repos/sciComp/cpp/Xcode;
				USE_HEADERMAP = NO;
				WARNING_CFLAGS = ("$(inherited)");
			};
			name = Release;
		};
		DE3D628E458242BF9058881F /* RelWithDebInfo */ = {
			isa = XCBuildConfiguration;
			buildSettings = {
				COMBINE_HIDPI_IMAGES = YES;
				GCC_GENERATE_DEBUGGING_SYMBOLS = YES;
				GCC_INLINES_ARE_PRIVATE_EXTERN = NO;
				GCC_OPTIMIZATION_LEVEL = 0;
				GCC_PREPROCESSOR_DEFINITIONS = ("'CMAKE_INTDIR=\"$(CONFIGURATION)$(EFFECTIVE_PLATFORM_NAME)\"'","$(inherited)");
				GCC_SYMBOLS_PRIVATE_EXTERN = NO;
				INSTALL_PATH = "";
				OTHER_LDFLAGS = ("","$(inherited)");
				OTHER_REZFLAGS = "";
				PRODUCT_NAME = ZERO_CHECK;
				SECTORDER_FLAGS = "";
				SYMROOT = /Users/bernardocohen/repos/sciComp/cpp/Xcode;
				USE_HEADERMAP = NO;
				WARNING_CFLAGS = ("$(inherited)");
			};
			name = RelWithDebInfo;
		};
		EF8BAFA9380349B28341DC71 /* Debug */ = {
			isa = XCBuildConfiguration;
			buildSettings = {
				COMBINE_HIDPI_IMAGES = YES;
				GCC_GENERATE_DEBUGGING_SYMBOLS = YES;
				GCC_INLINES_ARE_PRIVATE_EXTERN = NO;
				GCC_OPTIMIZATION_LEVEL = 0;
				GCC_PREPROCESSOR_DEFINITIONS = ("'CMAKE_INTDIR=\"$(CONFIGURATION)$(EFFECTIVE_PLATFORM_NAME)\"'","$(inherited)");
				GCC_SYMBOLS_PRIVATE_EXTERN = NO;
				INSTALL_PATH = "";
				OTHER_LDFLAGS = ("","$(inherited)");
				OTHER_REZFLAGS = "";
				PRODUCT_NAME = ALL_BUILD;
				SECTORDER_FLAGS = "";
				SYMROOT = /Users/bernardocohen/repos/sciComp/cpp/Xcode;
				USE_HEADERMAP = NO;
				WARNING_CFLAGS = ("$(inherited)");
			};
			name = Debug;
		};
		F288F7B65BCC45BBBD10D821 /* RelWithDebInfo */ = {
			isa = XCBuildConfiguration;
			buildSettings = {
				ARCHS = "$(NATIVE_ARCH_ACTUAL)";
				ONLY_ACTIVE_ARCH = YES;
				SDKROOT = /Applications/Xcode.app/Contents/Developer/Platforms/MacOSX.platform/Developer/SDKs/MacOSX11.3.sdk;
				SYMROOT = /Users/bernardocohen/repos/sciComp/cpp/Xcode/build;
			};
			name = RelWithDebInfo;
		};
/* End XCBuildConfiguration section */

/* Begin XCConfigurationList section */
		1BB3D1737E5F4C25BD43AE69 /* Build configuration list for PBXAggregateTarget "install" */ = {
			isa = XCConfigurationList;
			buildConfigurations = (
				38F82E04C6144ED9AA7AF647 /* Debug */,
				8C082A253E2C4CBBB029A505 /* Release */,
				992A87BB5EAC4930B3D1E75D /* MinSizeRel */,
				4FF025C3E2264EEDB422DEA7 /* RelWithDebInfo */,
			);
			defaultConfigurationIsVisible = 0;
			defaultConfigurationName = Debug;
		};
		4E2D83F3C8874A41B47F43D8 /* Build configuration list for PBXProject "scicomp" */ = {
			isa = XCConfigurationList;
			buildConfigurations = (
				97073A1C29FE49B1826FDDDB /* Debug */,
				BCE20A9AE57942A882698D70 /* Release */,
				4805EB2A936F498182E38BC2 /* MinSizeRel */,
				F288F7B65BCC45BBBD10D821 /* RelWithDebInfo */,
			);
			defaultConfigurationIsVisible = 0;
			defaultConfigurationName = Debug;
		};
		725470632670409AA491389F /* Build configuration list for PBXAggregateTarget "ZERO_CHECK" */ = {
			isa = XCConfigurationList;
			buildConfigurations = (
				121646CFF0794A7389D295B6 /* Debug */,
				BFFFE17D18BC4BC4A8D0A437 /* Release */,
				6BE026F9CE7040F9B98EAEA8 /* MinSizeRel */,
				DE3D628E458242BF9058881F /* RelWithDebInfo */,
			);
			defaultConfigurationIsVisible = 0;
			defaultConfigurationName = Debug;
		};
		C26552D216D34615A82BD768 /* Build configuration list for PBXNativeTarget "sciComp" */ = {
			isa = XCConfigurationList;
			buildConfigurations = (
				215670B6985C4D8CBEE2406B /* Debug */,
				C62758C97D074091B4780067 /* Release */,
				489F2E5E254F43049D2C4F24 /* MinSizeRel */,
				4D6D83D055B54C63A401F929 /* RelWithDebInfo */,
			);
			defaultConfigurationIsVisible = 0;
			defaultConfigurationName = Debug;
		};
		C32B49C4E2E540649516EF3C /* Build configuration list for PBXAggregateTarget "ALL_BUILD" */ = {
			isa = XCConfigurationList;
			buildConfigurations = (
				EF8BAFA9380349B28341DC71 /* Debug */,
				38A2636D418A4656A198FF95 /* Release */,
				1315CB75006445DD915FC37B /* MinSizeRel */,
				1F0F977C9A3243B5B6F0D4AA /* RelWithDebInfo */,
			);
			defaultConfigurationIsVisible = 0;
			defaultConfigurationName = Debug;
		};
/* End XCConfigurationList section */
	};
	rootObject = 71EE89B77DA44105A1430982 /* Project object */;
}
